
Microsoft Visual Studio Solution File, Format Version 12.00
# Visual Studio Version 16
VisualStudioVersion = 16.0.30711.63
MinimumVisualStudioVersion = 10.0.40219.1
Project("{2150E333-8FDC-42A3-9474-1A3956D46DE8}") = "Doc", "Doc", "{8E955702-9298-4198-AE6D-F9B17263B0BC}"
EndProject
Project("{2150E333-8FDC-42A3-9474-1A3956D46DE8}") = "Src", "Src", "{2E214A76-A59F-4C83-AD87-68FE9470A779}"
EndProject
Project("{2150E333-8FDC-42A3-9474-1A3956D46DE8}") = "Test", "Test", "{11BFB0A8-F2BA-41BA-97C5-A82ADF09951A}"
EndProject
Project("{2150E333-8FDC-42A3-9474-1A3956D46DE8}") = "Core", "Core", "{35211230-ADDD-4FA6-9EC2-625920926467}"
EndProject
Project("{2150E333-8FDC-42A3-9474-1A3956D46DE8}") = "Common", "Common", "{30AF99C5-38C9-4C2B-B957-6A641E35E74B}"
EndProject
Project("{2150E333-8FDC-42A3-9474-1A3956D46DE8}") = "Infrastructure", "Infrastructure", "{65E977F2-3297-40A9-B3CC-B967E5AF7B96}"
EndProject
Project("{2150E333-8FDC-42A3-9474-1A3956D46DE8}") = "Presentation", "Presentation", "{FE32B82A-73B8-43E2-9DF7-BBEDCD25D5EF}"
EndProject
Project("{FAE04EC0-301F-11D3-BF4B-00C04F79EFBC}") = "ArtStore.Domain", "ArtStore.Domain\ArtStore.Domain.csproj", "{79A2BF74-E9B5-4AC0-A1FE-20EC6531A215}"
EndProject
Project("{FAE04EC0-301F-11D3-BF4B-00C04F79EFBC}") = "ArtStore.Application", "ArtStore.Application\ArtStore.Application.csproj", "{05076326-EE98-453E-9DF3-697A80817319}"
EndProject
Project("{FAE04EC0-301F-11D3-BF4B-00C04F79EFBC}") = "ArtStore.Infrastructure", "ArtStore.Infrastructure\ArtStore.Infrastructure.csproj", "{039FB217-E7C7-4027-B75E-9934ABC5F38E}"
EndProject
Project("{FAE04EC0-301F-11D3-BF4B-00C04F79EFBC}") = "ArtStore.Persistence", "ArtStore.Persistence\ArtStore.Persistence.csproj", "{752784CB-B746-49F5-B983-BB89A7EEB8DA}"
EndProject
Project("{FAE04EC0-301F-11D3-BF4B-00C04F79EFBC}") = "ArtStore.Common", "ArtStore.Common\ArtStore.Common.csproj", "{7D45F84C-1EA7-4069-9519-607FADC1E3B9}"
EndProject
Project("{FAE04EC0-301F-11D3-BF4B-00C04F79EFBC}") = "EndPoint.Site", "EndPoint.Site\EndPoint.Site.csproj", "{FBA74BDC-F424-476F-A45C-B3B48CEDD75D}"
EndProject
Global
	GlobalSection(SolutionConfigurationPlatforms) = preSolution
		Debug|Any CPU = Debug|Any CPU
		Release|Any CPU = Release|Any CPU
	EndGlobalSection
	GlobalSection(ProjectConfigurationPlatforms) = postSolution
		{79A2BF74-E9B5-4AC0-A1FE-20EC6531A215}.Debug|Any CPU.ActiveCfg = Debug|Any CPU
		{79A2BF74-E9B5-4AC0-A1FE-20EC6531A215}.Debug|Any CPU.Build.0 = Debug|Any CPU
		{79A2BF74-E9B5-4AC0-A1FE-20EC6531A215}.Release|Any CPU.ActiveCfg = Release|Any CPU
		{79A2BF74-E9B5-4AC0-A1FE-20EC6531A215}.Release|Any CPU.Build.0 = Release|Any CPU
		{05076326-EE98-453E-9DF3-697A80817319}.Debug|Any CPU.ActiveCfg = Debug|Any CPU
		{05076326-EE98-453E-9DF3-697A80817319}.Debug|Any CPU.Build.0 = Debug|Any CPU
		{05076326-EE98-453E-9DF3-697A80817319}.Release|Any CPU.ActiveCfg = Release|Any CPU
		{05076326-EE98-453E-9DF3-697A80817319}.Release|Any CPU.Build.0 = Release|Any CPU
		{039FB217-E7C7-4027-B75E-9934ABC5F38E}.Debug|Any CPU.ActiveCfg = Debug|Any CPU
		{039FB217-E7C7-4027-B75E-9934ABC5F38E}.Debug|Any CPU.Build.0 = Debug|Any CPU
		{039FB217-E7C7-4027-B75E-9934ABC5F38E}.Release|Any CPU.ActiveCfg = Release|Any CPU
		{039FB217-E7C7-4027-B75E-9934ABC5F38E}.Release|Any CPU.Build.0 = Release|Any CPU
		{752784CB-B746-49F5-B983-BB89A7EEB8DA}.Debug|Any CPU.ActiveCfg = Debug|Any CPU
		{752784CB-B746-49F5-B983-BB89A7EEB8DA}.Debug|Any CPU.Build.0 = Debug|Any CPU
		{752784CB-B746-49F5-B983-BB89A7EEB8DA}.Release|Any CPU.ActiveCfg = Release|Any CPU
		{752784CB-B746-49F5-B983-BB89A7EEB8DA}.Release|Any CPU.Build.0 = Release|Any CPU
		{7D45F84C-1EA7-4069-9519-607FADC1E3B9}.Debug|Any CPU.ActiveCfg = Debug|Any CPU
		{7D45F84C-1EA7-4069-9519-607FADC1E3B9}.Debug|Any CPU.Build.0 = Debug|Any CPU
		{7D45F84C-1EA7-4069-9519-607FADC1E3B9}.Release|Any CPU.ActiveCfg = Release|Any CPU
		{7D45F84C-1EA7-4069-9519-607FADC1E3B9}.Release|Any CPU.Build.0 = Release|Any CPU
		{FBA74BDC-F424-476F-A45C-B3B48CEDD75D}.Debug|Any CPU.ActiveCfg = Debug|Any CPU
		{FBA74BDC-F424-476F-A45C-B3B48CEDD75D}.Debug|Any CPU.Build.0 = Debug|Any CPU
		{FBA74BDC-F424-476F-A45C-B3B48CEDD75D}.Release|Any CPU.ActiveCfg = Release|Any CPU
		{FBA74BDC-F424-476F-A45C-B3B48CEDD75D}.Release|Any CPU.Build.0 = Release|Any CPU
	EndGlobalSection
	GlobalSection(SolutionProperties) = preSolution
		HideSolutionNode = FALSE
	EndGlobalSection
	GlobalSection(NestedProjects) = preSolution
		{35211230-ADDD-4FA6-9EC2-625920926467} = {2E214A76-A59F-4C83-AD87-68FE9470A779}
		{30AF99C5-38C9-4C2B-B957-6A641E35E74B} = {2E214A76-A59F-4C83-AD87-68FE9470A779}
		{65E977F2-3297-40A9-B3CC-B967E5AF7B96} = {2E214A76-A59F-4C83-AD87-68FE9470A779}
		{FE32B82A-73B8-43E2-9DF7-BBEDCD25D5EF} = {2E214A76-A59F-4C83-AD87-68FE9470A779}
		{79A2BF74-E9B5-4AC0-A1FE-20EC6531A215} = {35211230-ADDD-4FA6-9EC2-625920926467}
		{05076326-EE98-453E-9DF3-697A80817319} = {35211230-ADDD-4FA6-9EC2-625920926467}
		{039FB217-E7C7-4027-B75E-9934ABC5F38E} = {65E977F2-3297-40A9-B3CC-B967E5AF7B96}
		{752784CB-B746-49F5-B983-BB89A7EEB8DA} = {65E977F2-3297-40A9-B3CC-B967E5AF7B96}
		{7D45F84C-1EA7-4069-9519-607FADC1E3B9} = {30AF99C5-38C9-4C2B-B957-6A641E35E74B}
		{FBA74BDC-F424-476F-A45C-B3B48CEDD75D} = {FE32B82A-73B8-43E2-9DF7-BBEDCD25D5EF}
	EndGlobalSection
	GlobalSection(ExtensibilityGlobals) = postSolution
		SolutionGuid = {612ECC72-E24A-41EF-84BA-1F1F07D6B598}
	EndGlobalSection
EndGlobal
